// !$*UTF8*$!
{
	archiveVersion = 1;
	classes = {
	};
	objectVersion = 50;
	objects = {

/* Begin PBXBuildFile section */
		04B61AE12442051500C6BC79 /* AppDelegate.swift in Sources */ = {isa = PBXBuildFile; fileRef = 04B61AE02442051500C6BC79 /* AppDelegate.swift */; };
		04B61AE52442051500C6BC79 /* SinglePlayerViewController.swift in Sources */ = {isa = PBXBuildFile; fileRef = 04B61AE42442051500C6BC79 /* SinglePlayerViewController.swift */; };
		04B61AE82442051500C6BC79 /* Main.storyboard in Resources */ = {isa = PBXBuildFile; fileRef = 04B61AE62442051500C6BC79 /* Main.storyboard */; };
		04B61AEA2442051700C6BC79 /* Assets.xcassets in Resources */ = {isa = PBXBuildFile; fileRef = 04B61AE92442051700C6BC79 /* Assets.xcassets */; };
		04B61AED2442051700C6BC79 /* LaunchScreen.storyboard in Resources */ = {isa = PBXBuildFile; fileRef = 04B61AEB2442051700C6BC79 /* LaunchScreen.storyboard */; };
		04B61AF824420C9900C6BC79 /* MultiPlayerViewController.swift in Sources */ = {isa = PBXBuildFile; fileRef = 04B61AF724420C9900C6BC79 /* MultiPlayerViewController.swift */; };
		04B61AFB24420D7F00C6BC79 /* PlayerOne.storyboard in Resources */ = {isa = PBXBuildFile; fileRef = 04B61AFA24420D7F00C6BC79 /* PlayerOne.storyboard */; };
		04B61AFD2442112700C6BC79 /* PlayerTwo.storyboard in Resources */ = {isa = PBXBuildFile; fileRef = 04B61AFC2442112700C6BC79 /* PlayerTwo.storyboard */; };
		04B61AFF244211A300C6BC79 /* PlayerScoreViewController.swift in Sources */ = {isa = PBXBuildFile; fileRef = 04B61AFE244211A300C6BC79 /* PlayerScoreViewController.swift */; };
		04B61B02244211E400C6BC79 /* PlayerView.swift in Sources */ = {isa = PBXBuildFile; fileRef = 04B61B01244211E400C6BC79 /* PlayerView.swift */; };
		04B61B04244215E000C6BC79 /* SinglePlayerGame.storyboard in Resources */ = {isa = PBXBuildFile; fileRef = 04B61B03244215E000C6BC79 /* SinglePlayerGame.storyboard */; };
		04B61B0824421EA800C6BC79 /* MultiplayerGame.storyboard in Resources */ = {isa = PBXBuildFile; fileRef = 04B61B0724421EA800C6BC79 /* MultiplayerGame.storyboard */; };
		04B61B0B244223F600C6BC79 /* TimedMultiplayerGame.storyboard in Resources */ = {isa = PBXBuildFile; fileRef = 04B61B0A244223F600C6BC79 /* TimedMultiplayerGame.storyboard */; };
		04B61B0D2442245C00C6BC79 /* MultiplayerScore.storyboard in Resources */ = {isa = PBXBuildFile; fileRef = 04B61B0C2442245C00C6BC79 /* MultiplayerScore.storyboard */; };
		04B61B10244260AE00C6BC79 /* TimeBar.storyboard in Resources */ = {isa = PBXBuildFile; fileRef = 04B61B0F244260AE00C6BC79 /* TimeBar.storyboard */; };
		04B61B122442617900C6BC79 /* TimeBarViewController.swift in Sources */ = {isa = PBXBuildFile; fileRef = 04B61B112442617900C6BC79 /* TimeBarViewController.swift */; };
		04B61B14244276F300C6BC79 /* TimedMultiPlayerViewController.swift in Sources */ = {isa = PBXBuildFile; fileRef = 04B61B13244276F300C6BC79 /* TimedMultiPlayerViewController.swift */; };
		04B61B172442777C00C6BC79 /* MultiPlayerScoreViewController.swift in Sources */ = {isa = PBXBuildFile; fileRef = 04B61B162442777C00C6BC79 /* MultiPlayerScoreViewController.swift */; };
		04B61B1A24428D3200C6BC79 /* SinglePlayerViewControllerStoryboardConfigurator.swift in Sources */ = {isa = PBXBuildFile; fileRef = 04B61B1924428D3200C6BC79 /* SinglePlayerViewControllerStoryboardConfigurator.swift */; };
		04B61B2A2442943000C6BC79 /* PlayerScoreViewControllerStoryboardTests.swift in Sources */ = {isa = PBXBuildFile; fileRef = 04B61B292442943000C6BC79 /* PlayerScoreViewControllerStoryboardTests.swift */; };
		04B61B2D2442990100C6BC79 /* SinglePlayerViewControllerStoryboardTests.swift in Sources */ = {isa = PBXBuildFile; fileRef = 04B61B2C2442990100C6BC79 /* SinglePlayerViewControllerStoryboardTests.swift */; };
/* End PBXBuildFile section */

/* Begin PBXContainerItemProxy section */
		04B61B242442912D00C6BC79 /* PBXContainerItemProxy */ = {
			isa = PBXContainerItemProxy;
			containerPortal = 04B61AD52442051400C6BC79 /* Project object */;
			proxyType = 1;
			remoteGlobalIDString = 04B61ADC2442051500C6BC79;
			remoteInfo = ComposingViewControllers;
		};
/* End PBXContainerItemProxy section */

/* Begin PBXFileReference section */
		04B61ADD2442051500C6BC79 /* ComposingViewControllers.app */ = {isa = PBXFileReference; explicitFileType = wrapper.application; includeInIndex = 0; path = ComposingViewControllers.app; sourceTree = BUILT_PRODUCTS_DIR; };
		04B61AE02442051500C6BC79 /* AppDelegate.swift */ = {isa = PBXFileReference; lastKnownFileType = sourcecode.swift; path = AppDelegate.swift; sourceTree = "<group>"; };
		04B61AE42442051500C6BC79 /* SinglePlayerViewController.swift */ = {isa = PBXFileReference; lastKnownFileType = sourcecode.swift; path = SinglePlayerViewController.swift; sourceTree = "<group>"; };
		04B61AE72442051500C6BC79 /* Base */ = {isa = PBXFileReference; lastKnownFileType = file.storyboard; name = Base; path = Base.lproj/Main.storyboard; sourceTree = "<group>"; };
		04B61AE92442051700C6BC79 /* Assets.xcassets */ = {isa = PBXFileReference; lastKnownFileType = folder.assetcatalog; path = Assets.xcassets; sourceTree = "<group>"; };
		04B61AEC2442051700C6BC79 /* Base */ = {isa = PBXFileReference; lastKnownFileType = file.storyboard; name = Base; path = Base.lproj/LaunchScreen.storyboard; sourceTree = "<group>"; };
		04B61AEE2442051700C6BC79 /* Info.plist */ = {isa = PBXFileReference; lastKnownFileType = text.plist.xml; path = Info.plist; sourceTree = "<group>"; };
		04B61AF4244206F800C6BC79 /* Goal.strings */ = {isa = PBXFileReference; lastKnownFileType = text.plist.strings; path = Goal.strings; sourceTree = "<group>"; };
		04B61AF724420C9900C6BC79 /* MultiPlayerViewController.swift */ = {isa = PBXFileReference; lastKnownFileType = sourcecode.swift; path = MultiPlayerViewController.swift; sourceTree = "<group>"; };
		04B61AFA24420D7F00C6BC79 /* PlayerOne.storyboard */ = {isa = PBXFileReference; lastKnownFileType = file.storyboard; path = PlayerOne.storyboard; sourceTree = "<group>"; };
		04B61AFC2442112700C6BC79 /* PlayerTwo.storyboard */ = {isa = PBXFileReference; lastKnownFileType = file.storyboard; path = PlayerTwo.storyboard; sourceTree = "<group>"; };
		04B61AFE244211A300C6BC79 /* PlayerScoreViewController.swift */ = {isa = PBXFileReference; lastKnownFileType = sourcecode.swift; path = PlayerScoreViewController.swift; sourceTree = "<group>"; };
		04B61B01244211E400C6BC79 /* PlayerView.swift */ = {isa = PBXFileReference; lastKnownFileType = sourcecode.swift; path = PlayerView.swift; sourceTree = "<group>"; };
		04B61B03244215E000C6BC79 /* SinglePlayerGame.storyboard */ = {isa = PBXFileReference; lastKnownFileType = file.storyboard; path = SinglePlayerGame.storyboard; sourceTree = "<group>"; };
		04B61B0724421EA800C6BC79 /* MultiplayerGame.storyboard */ = {isa = PBXFileReference; lastKnownFileType = file.storyboard; path = MultiplayerGame.storyboard; sourceTree = "<group>"; };
		04B61B0A244223F600C6BC79 /* TimedMultiplayerGame.storyboard */ = {isa = PBXFileReference; lastKnownFileType = file.storyboard; path = TimedMultiplayerGame.storyboard; sourceTree = "<group>"; };
		04B61B0C2442245C00C6BC79 /* MultiplayerScore.storyboard */ = {isa = PBXFileReference; lastKnownFileType = file.storyboard; path = MultiplayerScore.storyboard; sourceTree = "<group>"; };
		04B61B0F244260AE00C6BC79 /* TimeBar.storyboard */ = {isa = PBXFileReference; lastKnownFileType = file.storyboard; path = TimeBar.storyboard; sourceTree = "<group>"; };
		04B61B112442617900C6BC79 /* TimeBarViewController.swift */ = {isa = PBXFileReference; lastKnownFileType = sourcecode.swift; path = TimeBarViewController.swift; sourceTree = "<group>"; };
		04B61B13244276F300C6BC79 /* TimedMultiPlayerViewController.swift */ = {isa = PBXFileReference; lastKnownFileType = sourcecode.swift; path = TimedMultiPlayerViewController.swift; sourceTree = "<group>"; };
		04B61B162442777C00C6BC79 /* MultiPlayerScoreViewController.swift */ = {isa = PBXFileReference; lastKnownFileType = sourcecode.swift; path = MultiPlayerScoreViewController.swift; sourceTree = "<group>"; };
		04B61B1924428D3200C6BC79 /* SinglePlayerViewControllerStoryboardConfigurator.swift */ = {isa = PBXFileReference; lastKnownFileType = sourcecode.swift; path = SinglePlayerViewControllerStoryboardConfigurator.swift; sourceTree = "<group>"; };
		04B61B1F2442912D00C6BC79 /* ComposingViewControllersTests.xctest */ = {isa = PBXFileReference; explicitFileType = wrapper.cfbundle; includeInIndex = 0; path = ComposingViewControllersTests.xctest; sourceTree = BUILT_PRODUCTS_DIR; };
		04B61B232442912D00C6BC79 /* Info.plist */ = {isa = PBXFileReference; lastKnownFileType = text.plist.xml; path = Info.plist; sourceTree = "<group>"; };
		04B61B292442943000C6BC79 /* PlayerScoreViewControllerStoryboardTests.swift */ = {isa = PBXFileReference; lastKnownFileType = sourcecode.swift; path = PlayerScoreViewControllerStoryboardTests.swift; sourceTree = "<group>"; };
		04B61B2C2442990100C6BC79 /* SinglePlayerViewControllerStoryboardTests.swift */ = {isa = PBXFileReference; lastKnownFileType = sourcecode.swift; path = SinglePlayerViewControllerStoryboardTests.swift; sourceTree = "<group>"; };
/* End PBXFileReference section */

/* Begin PBXFrameworksBuildPhase section */
		04B61ADA2442051500C6BC79 /* Frameworks */ = {
			isa = PBXFrameworksBuildPhase;
			buildActionMask = 2147483647;
			files = (
			);
			runOnlyForDeploymentPostprocessing = 0;
		};
		04B61B1C2442912D00C6BC79 /* Frameworks */ = {
			isa = PBXFrameworksBuildPhase;
			buildActionMask = 2147483647;
			files = (
			);
			runOnlyForDeploymentPostprocessing = 0;
		};
/* End PBXFrameworksBuildPhase section */

/* Begin PBXGroup section */
		04B61AD42442051400C6BC79 = {
			isa = PBXGroup;
			children = (
				04B61ADF2442051500C6BC79 /* ComposingViewControllers */,
				04B61B202442912D00C6BC79 /* ComposingViewControllersTests */,
				04B61ADE2442051500C6BC79 /* Products */,
			);
			sourceTree = "<group>";
		};
		04B61ADE2442051500C6BC79 /* Products */ = {
			isa = PBXGroup;
			children = (
				04B61ADD2442051500C6BC79 /* ComposingViewControllers.app */,
				04B61B1F2442912D00C6BC79 /* ComposingViewControllersTests.xctest */,
			);
			name = Products;
			sourceTree = "<group>";
		};
		04B61ADF2442051500C6BC79 /* ComposingViewControllers */ = {
			isa = PBXGroup;
			children = (
				04B61AF4244206F800C6BC79 /* Goal.strings */,
				04B61AEE2442051700C6BC79 /* Info.plist */,
				04B61B0524421D2100C6BC79 /* App */,
				04B61AF624420AFE00C6BC79 /* Scenes */,
				04B61AF924420D5E00C6BC79 /* Storyboards */,
				04B61B00244211C700C6BC79 /* Views */,
				04B61B0624421D3200C6BC79 /* Resources */,
			);
			path = ComposingViewControllers;
			sourceTree = "<group>";
		};
		04B61AF624420AFE00C6BC79 /* Scenes */ = {
			isa = PBXGroup;
			children = (
				04B61B152442770300C6BC79 /* Game */,
				04B61B182442778200C6BC79 /* Score */,
				04B61B112442617900C6BC79 /* TimeBarViewController.swift */,
				04B61B1924428D3200C6BC79 /* SinglePlayerViewControllerStoryboardConfigurator.swift */,
			);
			path = Scenes;
			sourceTree = "<group>";
		};
		04B61AF924420D5E00C6BC79 /* Storyboards */ = {
			isa = PBXGroup;
			children = (
				04B61B09244223E200C6BC79 /* Game */,
				04B61B0E24425F9C00C6BC79 /* Score */,
				04B61AEB2442051700C6BC79 /* LaunchScreen.storyboard */,
				04B61AE62442051500C6BC79 /* Main.storyboard */,
				04B61B0F244260AE00C6BC79 /* TimeBar.storyboard */,
			);
			path = Storyboards;
			sourceTree = "<group>";
		};
		04B61B00244211C700C6BC79 /* Views */ = {
			isa = PBXGroup;
			children = (
				04B61B01244211E400C6BC79 /* PlayerView.swift */,
			);
			path = Views;
			sourceTree = "<group>";
		};
		04B61B0524421D2100C6BC79 /* App */ = {
			isa = PBXGroup;
			children = (
				04B61AE02442051500C6BC79 /* AppDelegate.swift */,
			);
			path = App;
			sourceTree = "<group>";
		};
		04B61B0624421D3200C6BC79 /* Resources */ = {
			isa = PBXGroup;
			children = (
				04B61AE92442051700C6BC79 /* Assets.xcassets */,
			);
			path = Resources;
			sourceTree = "<group>";
		};
		04B61B09244223E200C6BC79 /* Game */ = {
			isa = PBXGroup;
			children = (
				04B61B03244215E000C6BC79 /* SinglePlayerGame.storyboard */,
				04B61B0724421EA800C6BC79 /* MultiplayerGame.storyboard */,
				04B61B0A244223F600C6BC79 /* TimedMultiplayerGame.storyboard */,
			);
			path = Game;
			sourceTree = "<group>";
		};
		04B61B0E24425F9C00C6BC79 /* Score */ = {
			isa = PBXGroup;
			children = (
				04B61AFA24420D7F00C6BC79 /* PlayerOne.storyboard */,
				04B61AFC2442112700C6BC79 /* PlayerTwo.storyboard */,
				04B61B0C2442245C00C6BC79 /* MultiplayerScore.storyboard */,
			);
			path = Score;
			sourceTree = "<group>";
		};
		04B61B152442770300C6BC79 /* Game */ = {
			isa = PBXGroup;
			children = (
				04B61AE42442051500C6BC79 /* SinglePlayerViewController.swift */,
				04B61AF724420C9900C6BC79 /* MultiPlayerViewController.swift */,
				04B61B13244276F300C6BC79 /* TimedMultiPlayerViewController.swift */,
			);
			path = Game;
			sourceTree = "<group>";
		};
		04B61B182442778200C6BC79 /* Score */ = {
			isa = PBXGroup;
			children = (
				04B61AFE244211A300C6BC79 /* PlayerScoreViewController.swift */,
				04B61B162442777C00C6BC79 /* MultiPlayerScoreViewController.swift */,
			);
			path = Score;
			sourceTree = "<group>";
		};
		04B61B202442912D00C6BC79 /* ComposingViewControllersTests */ = {
			isa = PBXGroup;
			children = (
				04B61B232442912D00C6BC79 /* Info.plist */,
				04B61B292442943000C6BC79 /* PlayerScoreViewControllerStoryboardTests.swift */,
				04B61B2C2442990100C6BC79 /* SinglePlayerViewControllerStoryboardTests.swift */,
				04B61B322442A2E500C6BC79 /* PartTwo */,
			);
			path = ComposingViewControllersTests;
			sourceTree = "<group>";
		};
		04B61B322442A2E500C6BC79 /* PartTwo */ = {
			isa = PBXGroup;
			children = (
			);
			path = PartTwo;
			sourceTree = "<group>";
		};
/* End PBXGroup section */

/* Begin PBXNativeTarget section */
		04B61ADC2442051500C6BC79 /* ComposingViewControllers */ = {
			isa = PBXNativeTarget;
			buildConfigurationList = 04B61AF12442051700C6BC79 /* Build configuration list for PBXNativeTarget "ComposingViewControllers" */;
			buildPhases = (
				04B61AD92442051500C6BC79 /* Sources */,
				04B61ADA2442051500C6BC79 /* Frameworks */,
				04B61ADB2442051500C6BC79 /* Resources */,
			);
			buildRules = (
			);
			dependencies = (
			);
			name = ComposingViewControllers;
			productName = ComposingViewControllers;
			productReference = 04B61ADD2442051500C6BC79 /* ComposingViewControllers.app */;
			productType = "com.apple.product-type.application";
		};
		04B61B1E2442912D00C6BC79 /* ComposingViewControllersTests */ = {
			isa = PBXNativeTarget;
			buildConfigurationList = 04B61B262442912D00C6BC79 /* Build configuration list for PBXNativeTarget "ComposingViewControllersTests" */;
			buildPhases = (
				04B61B1B2442912D00C6BC79 /* Sources */,
				04B61B1C2442912D00C6BC79 /* Frameworks */,
				04B61B1D2442912D00C6BC79 /* Resources */,
			);
			buildRules = (
			);
			dependencies = (
				04B61B252442912D00C6BC79 /* PBXTargetDependency */,
			);
			name = ComposingViewControllersTests;
			productName = ComposingViewControllersTests;
			productReference = 04B61B1F2442912D00C6BC79 /* ComposingViewControllersTests.xctest */;
			productType = "com.apple.product-type.bundle.unit-test";
		};
/* End PBXNativeTarget section */

/* Begin PBXProject section */
		04B61AD52442051400C6BC79 /* Project object */ = {
			isa = PBXProject;
			attributes = {
				LastSwiftUpdateCheck = 1130;
				LastUpgradeCheck = 1130;
				ORGANIZATIONNAME = fig;
				TargetAttributes = {
					04B61ADC2442051500C6BC79 = {
						CreatedOnToolsVersion = 11.3.1;
					};
					04B61B1E2442912D00C6BC79 = {
						CreatedOnToolsVersion = 11.3.1;
						LastSwiftMigration = 1130;
						TestTargetID = 04B61ADC2442051500C6BC79;
					};
				};
			};
			buildConfigurationList = 04B61AD82442051400C6BC79 /* Build configuration list for PBXProject "ComposingViewControllers" */;
			compatibilityVersion = "Xcode 9.3";
			developmentRegion = en;
			hasScannedForEncodings = 0;
			knownRegions = (
				en,
				Base,
			);
			mainGroup = 04B61AD42442051400C6BC79;
			productRefGroup = 04B61ADE2442051500C6BC79 /* Products */;
			projectDirPath = "";
			projectRoot = "";
			targets = (
				04B61ADC2442051500C6BC79 /* ComposingViewControllers */,
				04B61B1E2442912D00C6BC79 /* ComposingViewControllersTests */,
			);
		};
/* End PBXProject section */

/* Begin PBXResourcesBuildPhase section */
		04B61ADB2442051500C6BC79 /* Resources */ = {
			isa = PBXResourcesBuildPhase;
			buildActionMask = 2147483647;
			files = (
				04B61AFB24420D7F00C6BC79 /* PlayerOne.storyboard in Resources */,
				04B61B10244260AE00C6BC79 /* TimeBar.storyboard in Resources */,
				04B61AED2442051700C6BC79 /* LaunchScreen.storyboard in Resources */,
				04B61B0824421EA800C6BC79 /* MultiplayerGame.storyboard in Resources */,
				04B61B0B244223F600C6BC79 /* TimedMultiplayerGame.storyboard in Resources */,
				04B61AEA2442051700C6BC79 /* Assets.xcassets in Resources */,
				04B61B0D2442245C00C6BC79 /* MultiplayerScore.storyboard in Resources */,
				04B61AE82442051500C6BC79 /* Main.storyboard in Resources */,
				04B61AFD2442112700C6BC79 /* PlayerTwo.storyboard in Resources */,
				04B61B04244215E000C6BC79 /* SinglePlayerGame.storyboard in Resources */,
			);
			runOnlyForDeploymentPostprocessing = 0;
		};
		04B61B1D2442912D00C6BC79 /* Resources */ = {
			isa = PBXResourcesBuildPhase;
			buildActionMask = 2147483647;
			files = (
			);
			runOnlyForDeploymentPostprocessing = 0;
		};
/* End PBXResourcesBuildPhase section */

/* Begin PBXSourcesBuildPhase section */
		04B61AD92442051500C6BC79 /* Sources */ = {
			isa = PBXSourcesBuildPhase;
			buildActionMask = 2147483647;
			files = (
				04B61AE52442051500C6BC79 /* SinglePlayerViewController.swift in Sources */,
				04B61B14244276F300C6BC79 /* TimedMultiPlayerViewController.swift in Sources */,
				04B61AF824420C9900C6BC79 /* MultiPlayerViewController.swift in Sources */,
				04B61B1A24428D3200C6BC79 /* SinglePlayerViewControllerStoryboardConfigurator.swift in Sources */,
				04B61AE12442051500C6BC79 /* AppDelegate.swift in Sources */,
				04B61B02244211E400C6BC79 /* PlayerView.swift in Sources */,
				04B61AFF244211A300C6BC79 /* PlayerScoreViewController.swift in Sources */,
				04B61B172442777C00C6BC79 /* MultiPlayerScoreViewController.swift in Sources */,
				04B61B122442617900C6BC79 /* TimeBarViewController.swift in Sources */,
			);
			runOnlyForDeploymentPostprocessing = 0;
		};
		04B61B1B2442912D00C6BC79 /* Sources */ = {
			isa = PBXSourcesBuildPhase;
			buildActionMask = 2147483647;
			files = (
				04B61B2D2442990100C6BC79 /* SinglePlayerViewControllerStoryboardTests.swift in Sources */,
				04B61B2A2442943000C6BC79 /* PlayerScoreViewControllerStoryboardTests.swift in Sources */,
			);
			runOnlyForDeploymentPostprocessing = 0;
		};
/* End PBXSourcesBuildPhase section */

/* Begin PBXTargetDependency section */
		04B61B252442912D00C6BC79 /* PBXTargetDependency */ = {
			isa = PBXTargetDependency;
			target = 04B61ADC2442051500C6BC79 /* ComposingViewControllers */;
			targetProxy = 04B61B242442912D00C6BC79 /* PBXContainerItemProxy */;
		};
/* End PBXTargetDependency section */

/* Begin PBXVariantGroup section */
		04B61AE62442051500C6BC79 /* Main.storyboard */ = {
			isa = PBXVariantGroup;
			children = (
				04B61AE72442051500C6BC79 /* Base */,
			);
			name = Main.storyboard;
			sourceTree = "<group>";
		};
		04B61AEB2442051700C6BC79 /* LaunchScreen.storyboard */ = {
			isa = PBXVariantGroup;
			children = (
				04B61AEC2442051700C6BC79 /* Base */,
			);
			name = LaunchScreen.storyboard;
			sourceTree = "<group>";
		};
/* End PBXVariantGroup section */

/* Begin XCBuildConfiguration section */
		04B61AEF2442051700C6BC79 /* Debug */ = {
			isa = XCBuildConfiguration;
			buildSettings = {
				ALWAYS_SEARCH_USER_PATHS = NO;
				CLANG_ANALYZER_NONNULL = YES;
				CLANG_ANALYZER_NUMBER_OBJECT_CONVERSION = YES_AGGRESSIVE;
				CLANG_CXX_LANGUAGE_STANDARD = "gnu++14";
				CLANG_CXX_LIBRARY = "libc++";
				CLANG_ENABLE_MODULES = YES;
				CLANG_ENABLE_OBJC_ARC = YES;
				CLANG_ENABLE_OBJC_WEAK = YES;
				CLANG_WARN_BLOCK_CAPTURE_AUTORELEASING = YES;
				CLANG_WARN_BOOL_CONVERSION = YES;
				CLANG_WARN_COMMA = YES;
				CLANG_WARN_CONSTANT_CONVERSION = YES;
				CLANG_WARN_DEPRECATED_OBJC_IMPLEMENTATIONS = YES;
				CLANG_WARN_DIRECT_OBJC_ISA_USAGE = YES_ERROR;
				CLANG_WARN_DOCUMENTATION_COMMENTS = YES;
				CLANG_WARN_EMPTY_BODY = YES;
				CLANG_WARN_ENUM_CONVERSION = YES;
				CLANG_WARN_INFINITE_RECURSION = YES;
				CLANG_WARN_INT_CONVERSION = YES;
				CLANG_WARN_NON_LITERAL_NULL_CONVERSION = YES;
				CLANG_WARN_OBJC_IMPLICIT_RETAIN_SELF = YES;
				CLANG_WARN_OBJC_LITERAL_CONVERSION = YES;
				CLANG_WARN_OBJC_ROOT_CLASS = YES_ERROR;
				CLANG_WARN_RANGE_LOOP_ANALYSIS = YES;
				CLANG_WARN_STRICT_PROTOTYPES = YES;
				CLANG_WARN_SUSPICIOUS_MOVE = YES;
				CLANG_WARN_UNGUARDED_AVAILABILITY = YES_AGGRESSIVE;
				CLANG_WARN_UNREACHABLE_CODE = YES;
				CLANG_WARN__DUPLICATE_METHOD_MATCH = YES;
				COPY_PHASE_STRIP = NO;
				DEBUG_INFORMATION_FORMAT = dwarf;
				ENABLE_STRICT_OBJC_MSGSEND = YES;
				ENABLE_TESTABILITY = YES;
				GCC_C_LANGUAGE_STANDARD = gnu11;
				GCC_DYNAMIC_NO_PIC = NO;
				GCC_NO_COMMON_BLOCKS = YES;
				GCC_OPTIMIZATION_LEVEL = 0;
				GCC_PREPROCESSOR_DEFINITIONS = (
					"DEBUG=1",
					"$(inherited)",
				);
				GCC_WARN_64_TO_32_BIT_CONVERSION = YES;
				GCC_WARN_ABOUT_RETURN_TYPE = YES_ERROR;
				GCC_WARN_UNDECLARED_SELECTOR = YES;
				GCC_WARN_UNINITIALIZED_AUTOS = YES_AGGRESSIVE;
				GCC_WARN_UNUSED_FUNCTION = YES;
				GCC_WARN_UNUSED_VARIABLE = YES;
				IPHONEOS_DEPLOYMENT_TARGET = 13.2;
				MTL_ENABLE_DEBUG_INFO = INCLUDE_SOURCE;
				MTL_FAST_MATH = YES;
				ONLY_ACTIVE_ARCH = YES;
				SDKROOT = iphoneos;
				SWIFT_ACTIVE_COMPILATION_CONDITIONS = DEBUG;
				SWIFT_OPTIMIZATION_LEVEL = "-Onone";
			};
			name = Debug;
		};
		04B61AF02442051700C6BC79 /* Release */ = {
			isa = XCBuildConfiguration;
			buildSettings = {
				ALWAYS_SEARCH_USER_PATHS = NO;
				CLANG_ANALYZER_NONNULL = YES;
				CLANG_ANALYZER_NUMBER_OBJECT_CONVERSION = YES_AGGRESSIVE;
				CLANG_CXX_LANGUAGE_STANDARD = "gnu++14";
				CLANG_CXX_LIBRARY = "libc++";
				CLANG_ENABLE_MODULES = YES;
				CLANG_ENABLE_OBJC_ARC = YES;
				CLANG_ENABLE_OBJC_WEAK = YES;
				CLANG_WARN_BLOCK_CAPTURE_AUTORELEASING = YES;
				CLANG_WARN_BOOL_CONVERSION = YES;
				CLANG_WARN_COMMA = YES;
				CLANG_WARN_CONSTANT_CONVERSION = YES;
				CLANG_WARN_DEPRECATED_OBJC_IMPLEMENTATIONS = YES;
				CLANG_WARN_DIRECT_OBJC_ISA_USAGE = YES_ERROR;
				CLANG_WARN_DOCUMENTATION_COMMENTS = YES;
				CLANG_WARN_EMPTY_BODY = YES;
				CLANG_WARN_ENUM_CONVERSION = YES;
				CLANG_WARN_INFINITE_RECURSION = YES;
				CLANG_WARN_INT_CONVERSION = YES;
				CLANG_WARN_NON_LITERAL_NULL_CONVERSION = YES;
				CLANG_WARN_OBJC_IMPLICIT_RETAIN_SELF = YES;
				CLANG_WARN_OBJC_LITERAL_CONVERSION = YES;
				CLANG_WARN_OBJC_ROOT_CLASS = YES_ERROR;
				CLANG_WARN_RANGE_LOOP_ANALYSIS = YES;
				CLANG_WARN_STRICT_PROTOTYPES = YES;
				CLANG_WARN_SUSPICIOUS_MOVE = YES;
				CLANG_WARN_UNGUARDED_AVAILABILITY = YES_AGGRESSIVE;
				CLANG_WARN_UNREACHABLE_CODE = YES;
				CLANG_WARN__DUPLICATE_METHOD_MATCH = YES;
				COPY_PHASE_STRIP = NO;
				DEBUG_INFORMATION_FORMAT = "dwarf-with-dsym";
				ENABLE_NS_ASSERTIONS = NO;
				ENABLE_STRICT_OBJC_MSGSEND = YES;
				GCC_C_LANGUAGE_STANDARD = gnu11;
				GCC_NO_COMMON_BLOCKS = YES;
				GCC_WARN_64_TO_32_BIT_CONVERSION = YES;
				GCC_WARN_ABOUT_RETURN_TYPE = YES_ERROR;
				GCC_WARN_UNDECLARED_SELECTOR = YES;
				GCC_WARN_UNINITIALIZED_AUTOS = YES_AGGRESSIVE;
				GCC_WARN_UNUSED_FUNCTION = YES;
				GCC_WARN_UNUSED_VARIABLE = YES;
				IPHONEOS_DEPLOYMENT_TARGET = 13.2;
				MTL_ENABLE_DEBUG_INFO = NO;
				MTL_FAST_MATH = YES;
				SDKROOT = iphoneos;
				SWIFT_COMPILATION_MODE = wholemodule;
				SWIFT_OPTIMIZATION_LEVEL = "-O";
				VALIDATE_PRODUCT = YES;
			};
			name = Release;
		};
		04B61AF22442051700C6BC79 /* Debug */ = {
			isa = XCBuildConfiguration;
			buildSettings = {
				ASSETCATALOG_COMPILER_APPICON_NAME = AppIcon;
				CODE_SIGN_STYLE = Automatic;
				DEVELOPMENT_TEAM = 96B6HU7FL8;
				INFOPLIST_FILE = ComposingViewControllers/Info.plist;
				IPHONEOS_DEPLOYMENT_TARGET = 13.2;
				LD_RUNPATH_SEARCH_PATHS = (
					"$(inherited)",
					"@executable_path/Frameworks",
				);
				PRODUCT_BUNDLE_IDENTIFIER = nl.fig.ComposingViewControllers;
				PRODUCT_NAME = "$(TARGET_NAME)";
				SWIFT_VERSION = 5.0;
				TARGETED_DEVICE_FAMILY = "1,2";
			};
			name = Debug;
		};
		04B61AF32442051700C6BC79 /* Release */ = {
			isa = XCBuildConfiguration;
			buildSettings = {
				ASSETCATALOG_COMPILER_APPICON_NAME = AppIcon;
				CODE_SIGN_STYLE = Automatic;
				DEVELOPMENT_TEAM = 96B6HU7FL8;
				INFOPLIST_FILE = ComposingViewControllers/Info.plist;
				IPHONEOS_DEPLOYMENT_TARGET = 13.2;
				LD_RUNPATH_SEARCH_PATHS = (
					"$(inherited)",
					"@executable_path/Frameworks",
				);
				PRODUCT_BUNDLE_IDENTIFIER = nl.fig.ComposingViewControllers;
				PRODUCT_NAME = "$(TARGET_NAME)";
				SWIFT_VERSION = 5.0;
				TARGETED_DEVICE_FAMILY = "1,2";
			};
			name = Release;
		};
		04B61B272442912D00C6BC79 /* Debug */ = {
			isa = XCBuildConfiguration;
			buildSettings = {
				BUNDLE_LOADER = "$(TEST_HOST)";
				CLANG_ENABLE_MODULES = YES;
				CODE_SIGN_STYLE = Automatic;
				DEVELOPMENT_TEAM = 96B6HU7FL8;
				INFOPLIST_FILE = ComposingViewControllersTests/Info.plist;
				LD_RUNPATH_SEARCH_PATHS = (
					"$(inherited)",
					"@executable_path/Frameworks",
					"@loader_path/Frameworks",
				);
				PRODUCT_BUNDLE_IDENTIFIER = nl.fig.ComposingViewControllersTests;
				PRODUCT_NAME = "$(TARGET_NAME)";
				SWIFT_OPTIMIZATION_LEVEL = "-Onone";
				SWIFT_VERSION = 5.0;
				TARGETED_DEVICE_FAMILY = "1,2";
				TEST_HOST = "$(BUILT_PRODUCTS_DIR)/ComposingViewControllers.app/ComposingViewControllers";
			};
			name = Debug;
		};
		04B61B282442912D00C6BC79 /* Release */ = {
			isa = XCBuildConfiguration;
			buildSettings = {
				BUNDLE_LOADER = "$(TEST_HOST)";
				CLANG_ENABLE_MODULES = YES;
				CODE_SIGN_STYLE = Automatic;
				DEVELOPMENT_TEAM = 96B6HU7FL8;
				INFOPLIST_FILE = ComposingViewControllersTests/Info.plist;
				LD_RUNPATH_SEARCH_PATHS = (
					"$(inherited)",
					"@executable_path/Frameworks",
					"@loader_path/Frameworks",
				);
				PRODUCT_BUNDLE_IDENTIFIER = nl.fig.ComposingViewControllersTests;
				PRODUCT_NAME = "$(TARGET_NAME)";
				SWIFT_VERSION = 5.0;
				TARGETED_DEVICE_FAMILY = "1,2";
				TEST_HOST = "$(BUILT_PRODUCTS_DIR)/ComposingViewControllers.app/ComposingViewControllers";
			};
			name = Release;
		};
/* End XCBuildConfiguration section */

/* Begin XCConfigurationList section */
		04B61AD82442051400C6BC79 /* Build configuration list for PBXProject "ComposingViewControllers" */ = {
			isa = XCConfigurationList;
			buildConfigurations = (
				04B61AEF2442051700C6BC79 /* Debug */,
				04B61AF02442051700C6BC79 /* Release */,
			);
			defaultConfigurationIsVisible = 0;
			defaultConfigurationName = Release;
		};
		04B61AF12442051700C6BC79 /* Build configuration list for PBXNativeTarget "ComposingViewControllers" */ = {
			isa = XCConfigurationList;
			buildConfigurations = (
				04B61AF22442051700C6BC79 /* Debug */,
				04B61AF32442051700C6BC79 /* Release */,
			);
			defaultConfigurationIsVisible = 0;
			defaultConfigurationName = Release;
		};
		04B61B262442912D00C6BC79 /* Build configuration list for PBXNativeTarget "ComposingViewControllersTests" */ = {
			isa = XCConfigurationList;
			buildConfigurations = (
				04B61B272442912D00C6BC79 /* Debug */,
				04B61B282442912D00C6BC79 /* Release */,
			);
			defaultConfigurationIsVisible = 0;
			defaultConfigurationName = Release;
		};
/* End XCConfigurationList section */
	};
	rootObject = 04B61AD52442051400C6BC79 /* Project object */;
}
