// !$*UTF8*$!
{
	archiveVersion = 1;
	classes = {
	};
	objectVersion = 50;
	objects = {

/* Begin PBXBuildFile section */
		04B61B402442A33C00C6BC79 /* AppDelegate.swift in Sources */ = {isa = PBXBuildFile; fileRef = 04B61B3F2442A33C00C6BC79 /* AppDelegate.swift */; };
		04B61B422442A33C00C6BC79 /* SceneDelegate.swift in Sources */ = {isa = PBXBuildFile; fileRef = 04B61B412442A33C00C6BC79 /* SceneDelegate.swift */; };
		04B61B442442A33C00C6BC79 /* ViewController.swift in Sources */ = {isa = PBXBuildFile; fileRef = 04B61B432442A33C00C6BC79 /* ViewController.swift */; };
		04B61B472442A33C00C6BC79 /* Main.storyboard in Resources */ = {isa = PBXBuildFile; fileRef = 04B61B452442A33C00C6BC79 /* Main.storyboard */; };
		04B61B492442A33F00C6BC79 /* Assets.xcassets in Resources */ = {isa = PBXBuildFile; fileRef = 04B61B482442A33F00C6BC79 /* Assets.xcassets */; };
		04B61B4C2442A33F00C6BC79 /* LaunchScreen.storyboard in Resources */ = {isa = PBXBuildFile; fileRef = 04B61B4A2442A33F00C6BC79 /* LaunchScreen.storyboard */; };
		04B61B672442A3F100C6BC79 /* ViewControllerLifeCycleObservers.swift in Sources */ = {isa = PBXBuildFile; fileRef = 04B61B662442A3F100C6BC79 /* ViewControllerLifeCycleObservers.swift */; };
		04B61B692442A4B400C6BC79 /* UIViewController+LifeCycleObservers.swift in Sources */ = {isa = PBXBuildFile; fileRef = 04B61B682442A4B400C6BC79 /* UIViewController+LifeCycleObservers.swift */; };
/* End PBXBuildFile section */

/* Begin PBXContainerItemProxy section */
		04B61B612442A3B900C6BC79 /* PBXContainerItemProxy */ = {
			isa = PBXContainerItemProxy;
			containerPortal = 04B61B342442A33C00C6BC79 /* Project object */;
			proxyType = 1;
			remoteGlobalIDString = 04B61B3B2442A33C00C6BC79;
			remoteInfo = LifeCycleObservers;
		};
/* End PBXContainerItemProxy section */

/* Begin PBXFileReference section */
		04B61B3C2442A33C00C6BC79 /* LifeCycleObservers.app */ = {isa = PBXFileReference; explicitFileType = wrapper.application; includeInIndex = 0; path = LifeCycleObservers.app; sourceTree = BUILT_PRODUCTS_DIR; };
		04B61B3F2442A33C00C6BC79 /* AppDelegate.swift */ = {isa = PBXFileReference; lastKnownFileType = sourcecode.swift; path = AppDelegate.swift; sourceTree = "<group>"; };
		04B61B412442A33C00C6BC79 /* SceneDelegate.swift */ = {isa = PBXFileReference; lastKnownFileType = sourcecode.swift; path = SceneDelegate.swift; sourceTree = "<group>"; };
		04B61B432442A33C00C6BC79 /* ViewController.swift */ = {isa = PBXFileReference; lastKnownFileType = sourcecode.swift; path = ViewController.swift; sourceTree = "<group>"; };
		04B61B462442A33C00C6BC79 /* Base */ = {isa = PBXFileReference; lastKnownFileType = file.storyboard; name = Base; path = Base.lproj/Main.storyboard; sourceTree = "<group>"; };
		04B61B482442A33F00C6BC79 /* Assets.xcassets */ = {isa = PBXFileReference; lastKnownFileType = folder.assetcatalog; path = Assets.xcassets; sourceTree = "<group>"; };
		04B61B4B2442A33F00C6BC79 /* Base */ = {isa = PBXFileReference; lastKnownFileType = file.storyboard; name = Base; path = Base.lproj/LaunchScreen.storyboard; sourceTree = "<group>"; };
		04B61B4D2442A33F00C6BC79 /* Info.plist */ = {isa = PBXFileReference; lastKnownFileType = text.plist.xml; path = Info.plist; sourceTree = "<group>"; };
		04B61B532442A39000C6BC79 /* Goal.strings */ = {isa = PBXFileReference; fileEncoding = 4; lastKnownFileType = text.plist.strings; name = Goal.strings; path = ../../ComposingViewControllers_P1P2/ComposingViewControllers/Goal.strings; sourceTree = "<group>"; };
		04B61B5C2442A3B900C6BC79 /* LifeCycleObserversTests.xctest */ = {isa = PBXFileReference; explicitFileType = wrapper.cfbundle; includeInIndex = 0; path = LifeCycleObserversTests.xctest; sourceTree = BUILT_PRODUCTS_DIR; };
		04B61B602442A3B900C6BC79 /* Info.plist */ = {isa = PBXFileReference; lastKnownFileType = text.plist.xml; path = Info.plist; sourceTree = "<group>"; };
		04B61B662442A3F100C6BC79 /* ViewControllerLifeCycleObservers.swift */ = {isa = PBXFileReference; lastKnownFileType = sourcecode.swift; path = ViewControllerLifeCycleObservers.swift; sourceTree = "<group>"; };
		04B61B682442A4B400C6BC79 /* UIViewController+LifeCycleObservers.swift */ = {isa = PBXFileReference; lastKnownFileType = sourcecode.swift; path = "UIViewController+LifeCycleObservers.swift"; sourceTree = "<group>"; };
/* End PBXFileReference section */

/* Begin PBXFrameworksBuildPhase section */
		04B61B392442A33C00C6BC79 /* Frameworks */ = {
			isa = PBXFrameworksBuildPhase;
			buildActionMask = 2147483647;
			files = (
			);
			runOnlyForDeploymentPostprocessing = 0;
		};
		04B61B592442A3B900C6BC79 /* Frameworks */ = {
			isa = PBXFrameworksBuildPhase;
			buildActionMask = 2147483647;
			files = (
			);
			runOnlyForDeploymentPostprocessing = 0;
		};
/* End PBXFrameworksBuildPhase section */

/* Begin PBXGroup section */
		04B61B332442A33C00C6BC79 = {
			isa = PBXGroup;
			children = (
				04B61B3E2442A33C00C6BC79 /* LifeCycleObservers */,
				04B61B5D2442A3B900C6BC79 /* LifeCycleObserversTests */,
				04B61B3D2442A33C00C6BC79 /* Products */,
			);
			sourceTree = "<group>";
		};
		04B61B3D2442A33C00C6BC79 /* Products */ = {
			isa = PBXGroup;
			children = (
				04B61B3C2442A33C00C6BC79 /* LifeCycleObservers.app */,
				04B61B5C2442A3B900C6BC79 /* LifeCycleObserversTests.xctest */,
			);
			name = Products;
			sourceTree = "<group>";
		};
		04B61B3E2442A33C00C6BC79 /* LifeCycleObservers */ = {
			isa = PBXGroup;
			children = (
				04B61B532442A39000C6BC79 /* Goal.strings */,
				04B61B572442A39A00C6BC79 /* Common */,
				04B61B3F2442A33C00C6BC79 /* AppDelegate.swift */,
				04B61B412442A33C00C6BC79 /* SceneDelegate.swift */,
				04B61B432442A33C00C6BC79 /* ViewController.swift */,
				04B61B452442A33C00C6BC79 /* Main.storyboard */,
				04B61B482442A33F00C6BC79 /* Assets.xcassets */,
				04B61B4A2442A33F00C6BC79 /* LaunchScreen.storyboard */,
				04B61B4D2442A33F00C6BC79 /* Info.plist */,
			);
			path = LifeCycleObservers;
			sourceTree = "<group>";
		};
		04B61B562442A39A00C6BC79 /* Utilities */ = {
			isa = PBXGroup;
			children = (
				04B61B682442A4B400C6BC79 /* UIViewController+LifeCycleObservers.swift */,
			);
			path = Utilities;
			sourceTree = "<group>";
		};
		04B61B572442A39A00C6BC79 /* Common */ = {
			isa = PBXGroup;
			children = (
				04B61B562442A39A00C6BC79 /* Utilities */,
			);
			path = Common;
			sourceTree = "<group>";
		};
		04B61B5D2442A3B900C6BC79 /* LifeCycleObserversTests */ = {
			isa = PBXGroup;
			children = (
				04B61B602442A3B900C6BC79 /* Info.plist */,
				04B61B662442A3F100C6BC79 /* ViewControllerLifeCycleObservers.swift */,
			);
			path = LifeCycleObserversTests;
			sourceTree = "<group>";
		};
/* End PBXGroup section */

/* Begin PBXNativeTarget section */
		04B61B3B2442A33C00C6BC79 /* LifeCycleObservers */ = {
			isa = PBXNativeTarget;
			buildConfigurationList = 04B61B502442A33F00C6BC79 /* Build configuration list for PBXNativeTarget "LifeCycleObservers" */;
			buildPhases = (
				04B61B382442A33C00C6BC79 /* Sources */,
				04B61B392442A33C00C6BC79 /* Frameworks */,
				04B61B3A2442A33C00C6BC79 /* Resources */,
			);
			buildRules = (
			);
			dependencies = (
			);
			name = LifeCycleObservers;
			productName = LifeCycleObservers;
			productReference = 04B61B3C2442A33C00C6BC79 /* LifeCycleObservers.app */;
			productType = "com.apple.product-type.application";
		};
		04B61B5B2442A3B900C6BC79 /* LifeCycleObserversTests */ = {
			isa = PBXNativeTarget;
			buildConfigurationList = 04B61B632442A3B900C6BC79 /* Build configuration list for PBXNativeTarget "LifeCycleObserversTests" */;
			buildPhases = (
				04B61B582442A3B900C6BC79 /* Sources */,
				04B61B592442A3B900C6BC79 /* Frameworks */,
				04B61B5A2442A3B900C6BC79 /* Resources */,
			);
			buildRules = (
			);
			dependencies = (
				04B61B622442A3B900C6BC79 /* PBXTargetDependency */,
			);
			name = LifeCycleObserversTests;
			productName = LifeCycleObserversTests;
			productReference = 04B61B5C2442A3B900C6BC79 /* LifeCycleObserversTests.xctest */;
			productType = "com.apple.product-type.bundle.unit-test";
		};
/* End PBXNativeTarget section */

/* Begin PBXProject section */
		04B61B342442A33C00C6BC79 /* Project object */ = {
			isa = PBXProject;
			attributes = {
				LastSwiftUpdateCheck = 1130;
				LastUpgradeCheck = 1130;
				ORGANIZATIONNAME = fig;
				TargetAttributes = {
					04B61B3B2442A33C00C6BC79 = {
						CreatedOnToolsVersion = 11.3.1;
					};
					04B61B5B2442A3B900C6BC79 = {
						CreatedOnToolsVersion = 11.3.1;
						LastSwiftMigration = 1130;
						TestTargetID = 04B61B3B2442A33C00C6BC79;
					};
				};
			};
			buildConfigurationList = 04B61B372442A33C00C6BC79 /* Build configuration list for PBXProject "LifeCycleObservers" */;
			compatibilityVersion = "Xcode 9.3";
			developmentRegion = en;
			hasScannedForEncodings = 0;
			knownRegions = (
				en,
				Base,
			);
			mainGroup = 04B61B332442A33C00C6BC79;
			productRefGroup = 04B61B3D2442A33C00C6BC79 /* Products */;
			projectDirPath = "";
			projectRoot = "";
			targets = (
				04B61B3B2442A33C00C6BC79 /* LifeCycleObservers */,
				04B61B5B2442A3B900C6BC79 /* LifeCycleObserversTests */,
			);
		};
/* End PBXProject section */

/* Begin PBXResourcesBuildPhase section */
		04B61B3A2442A33C00C6BC79 /* Resources */ = {
			isa = PBXResourcesBuildPhase;
			buildActionMask = 2147483647;
			files = (
				04B61B4C2442A33F00C6BC79 /* LaunchScreen.storyboard in Resources */,
				04B61B492442A33F00C6BC79 /* Assets.xcassets in Resources */,
				04B61B472442A33C00C6BC79 /* Main.storyboard in Resources */,
			);
			runOnlyForDeploymentPostprocessing = 0;
		};
		04B61B5A2442A3B900C6BC79 /* Resources */ = {
			isa = PBXResourcesBuildPhase;
			buildActionMask = 2147483647;
			files = (
			);
			runOnlyForDeploymentPostprocessing = 0;
		};
/* End PBXResourcesBuildPhase section */

/* Begin PBXSourcesBuildPhase section */
		04B61B382442A33C00C6BC79 /* Sources */ = {
			isa = PBXSourcesBuildPhase;
			buildActionMask = 2147483647;
			files = (
				04B61B442442A33C00C6BC79 /* ViewController.swift in Sources */,
				04B61B402442A33C00C6BC79 /* AppDelegate.swift in Sources */,
				04B61B422442A33C00C6BC79 /* SceneDelegate.swift in Sources */,
				04B61B692442A4B400C6BC79 /* UIViewController+LifeCycleObservers.swift in Sources */,
			);
			runOnlyForDeploymentPostprocessing = 0;
		};
		04B61B582442A3B900C6BC79 /* Sources */ = {
			isa = PBXSourcesBuildPhase;
			buildActionMask = 2147483647;
			files = (
				04B61B672442A3F100C6BC79 /* ViewControllerLifeCycleObservers.swift in Sources */,
			);
			runOnlyForDeploymentPostprocessing = 0;
		};
/* End PBXSourcesBuildPhase section */

/* Begin PBXTargetDependency section */
		04B61B622442A3B900C6BC79 /* PBXTargetDependency */ = {
			isa = PBXTargetDependency;
			target = 04B61B3B2442A33C00C6BC79 /* LifeCycleObservers */;
			targetProxy = 04B61B612442A3B900C6BC79 /* PBXContainerItemProxy */;
		};
/* End PBXTargetDependency section */

/* Begin PBXVariantGroup section */
		04B61B452442A33C00C6BC79 /* Main.storyboard */ = {
			isa = PBXVariantGroup;
			children = (
				04B61B462442A33C00C6BC79 /* Base */,
			);
			name = Main.storyboard;
			sourceTree = "<group>";
		};
		04B61B4A2442A33F00C6BC79 /* LaunchScreen.storyboard */ = {
			isa = PBXVariantGroup;
			children = (
				04B61B4B2442A33F00C6BC79 /* Base */,
			);
			name = LaunchScreen.storyboard;
			sourceTree = "<group>";
		};
/* End PBXVariantGroup section */

/* Begin XCBuildConfiguration section */
		04B61B4E2442A33F00C6BC79 /* Debug */ = {
			isa = XCBuildConfiguration;
			buildSettings = {
				ALWAYS_SEARCH_USER_PATHS = NO;
				CLANG_ANALYZER_NONNULL = YES;
				CLANG_ANALYZER_NUMBER_OBJECT_CONVERSION = YES_AGGRESSIVE;
				CLANG_CXX_LANGUAGE_STANDARD = "gnu++14";
				CLANG_CXX_LIBRARY = "libc++";
				CLANG_ENABLE_MODULES = YES;
				CLANG_ENABLE_OBJC_ARC = YES;
				CLANG_ENABLE_OBJC_WEAK = YES;
				CLANG_WARN_BLOCK_CAPTURE_AUTORELEASING = YES;
				CLANG_WARN_BOOL_CONVERSION = YES;
				CLANG_WARN_COMMA = YES;
				CLANG_WARN_CONSTANT_CONVERSION = YES;
				CLANG_WARN_DEPRECATED_OBJC_IMPLEMENTATIONS = YES;
				CLANG_WARN_DIRECT_OBJC_ISA_USAGE = YES_ERROR;
				CLANG_WARN_DOCUMENTATION_COMMENTS = YES;
				CLANG_WARN_EMPTY_BODY = YES;
				CLANG_WARN_ENUM_CONVERSION = YES;
				CLANG_WARN_INFINITE_RECURSION = YES;
				CLANG_WARN_INT_CONVERSION = YES;
				CLANG_WARN_NON_LITERAL_NULL_CONVERSION = YES;
				CLANG_WARN_OBJC_IMPLICIT_RETAIN_SELF = YES;
				CLANG_WARN_OBJC_LITERAL_CONVERSION = YES;
				CLANG_WARN_OBJC_ROOT_CLASS = YES_ERROR;
				CLANG_WARN_RANGE_LOOP_ANALYSIS = YES;
				CLANG_WARN_STRICT_PROTOTYPES = YES;
				CLANG_WARN_SUSPICIOUS_MOVE = YES;
				CLANG_WARN_UNGUARDED_AVAILABILITY = YES_AGGRESSIVE;
				CLANG_WARN_UNREACHABLE_CODE = YES;
				CLANG_WARN__DUPLICATE_METHOD_MATCH = YES;
				COPY_PHASE_STRIP = NO;
				DEBUG_INFORMATION_FORMAT = dwarf;
				ENABLE_STRICT_OBJC_MSGSEND = YES;
				ENABLE_TESTABILITY = YES;
				GCC_C_LANGUAGE_STANDARD = gnu11;
				GCC_DYNAMIC_NO_PIC = NO;
				GCC_NO_COMMON_BLOCKS = YES;
				GCC_OPTIMIZATION_LEVEL = 0;
				GCC_PREPROCESSOR_DEFINITIONS = (
					"DEBUG=1",
					"$(inherited)",
				);
				GCC_WARN_64_TO_32_BIT_CONVERSION = YES;
				GCC_WARN_ABOUT_RETURN_TYPE = YES_ERROR;
				GCC_WARN_UNDECLARED_SELECTOR = YES;
				GCC_WARN_UNINITIALIZED_AUTOS = YES_AGGRESSIVE;
				GCC_WARN_UNUSED_FUNCTION = YES;
				GCC_WARN_UNUSED_VARIABLE = YES;
				IPHONEOS_DEPLOYMENT_TARGET = 13.2;
				MTL_ENABLE_DEBUG_INFO = INCLUDE_SOURCE;
				MTL_FAST_MATH = YES;
				ONLY_ACTIVE_ARCH = YES;
				SDKROOT = iphoneos;
				SWIFT_ACTIVE_COMPILATION_CONDITIONS = DEBUG;
				SWIFT_OPTIMIZATION_LEVEL = "-Onone";
			};
			name = Debug;
		};
		04B61B4F2442A33F00C6BC79 /* Release */ = {
			isa = XCBuildConfiguration;
			buildSettings = {
				ALWAYS_SEARCH_USER_PATHS = NO;
				CLANG_ANALYZER_NONNULL = YES;
				CLANG_ANALYZER_NUMBER_OBJECT_CONVERSION = YES_AGGRESSIVE;
				CLANG_CXX_LANGUAGE_STANDARD = "gnu++14";
				CLANG_CXX_LIBRARY = "libc++";
				CLANG_ENABLE_MODULES = YES;
				CLANG_ENABLE_OBJC_ARC = YES;
				CLANG_ENABLE_OBJC_WEAK = YES;
				CLANG_WARN_BLOCK_CAPTURE_AUTORELEASING = YES;
				CLANG_WARN_BOOL_CONVERSION = YES;
				CLANG_WARN_COMMA = YES;
				CLANG_WARN_CONSTANT_CONVERSION = YES;
				CLANG_WARN_DEPRECATED_OBJC_IMPLEMENTATIONS = YES;
				CLANG_WARN_DIRECT_OBJC_ISA_USAGE = YES_ERROR;
				CLANG_WARN_DOCUMENTATION_COMMENTS = YES;
				CLANG_WARN_EMPTY_BODY = YES;
				CLANG_WARN_ENUM_CONVERSION = YES;
				CLANG_WARN_INFINITE_RECURSION = YES;
				CLANG_WARN_INT_CONVERSION = YES;
				CLANG_WARN_NON_LITERAL_NULL_CONVERSION = YES;
				CLANG_WARN_OBJC_IMPLICIT_RETAIN_SELF = YES;
				CLANG_WARN_OBJC_LITERAL_CONVERSION = YES;
				CLANG_WARN_OBJC_ROOT_CLASS = YES_ERROR;
				CLANG_WARN_RANGE_LOOP_ANALYSIS = YES;
				CLANG_WARN_STRICT_PROTOTYPES = YES;
				CLANG_WARN_SUSPICIOUS_MOVE = YES;
				CLANG_WARN_UNGUARDED_AVAILABILITY = YES_AGGRESSIVE;
				CLANG_WARN_UNREACHABLE_CODE = YES;
				CLANG_WARN__DUPLICATE_METHOD_MATCH = YES;
				COPY_PHASE_STRIP = NO;
				DEBUG_INFORMATION_FORMAT = "dwarf-with-dsym";
				ENABLE_NS_ASSERTIONS = NO;
				ENABLE_STRICT_OBJC_MSGSEND = YES;
				GCC_C_LANGUAGE_STANDARD = gnu11;
				GCC_NO_COMMON_BLOCKS = YES;
				GCC_WARN_64_TO_32_BIT_CONVERSION = YES;
				GCC_WARN_ABOUT_RETURN_TYPE = YES_ERROR;
				GCC_WARN_UNDECLARED_SELECTOR = YES;
				GCC_WARN_UNINITIALIZED_AUTOS = YES_AGGRESSIVE;
				GCC_WARN_UNUSED_FUNCTION = YES;
				GCC_WARN_UNUSED_VARIABLE = YES;
				IPHONEOS_DEPLOYMENT_TARGET = 13.2;
				MTL_ENABLE_DEBUG_INFO = NO;
				MTL_FAST_MATH = YES;
				SDKROOT = iphoneos;
				SWIFT_COMPILATION_MODE = wholemodule;
				SWIFT_OPTIMIZATION_LEVEL = "-O";
				VALIDATE_PRODUCT = YES;
			};
			name = Release;
		};
		04B61B512442A33F00C6BC79 /* Debug */ = {
			isa = XCBuildConfiguration;
			buildSettings = {
				ASSETCATALOG_COMPILER_APPICON_NAME = AppIcon;
				CODE_SIGN_STYLE = Automatic;
				DEVELOPMENT_TEAM = 96B6HU7FL8;
				INFOPLIST_FILE = LifeCycleObservers/Info.plist;
				LD_RUNPATH_SEARCH_PATHS = (
					"$(inherited)",
					"@executable_path/Frameworks",
				);
				PRODUCT_BUNDLE_IDENTIFIER = nl.fig.LifeCycleObservers;
				PRODUCT_NAME = "$(TARGET_NAME)";
				SWIFT_VERSION = 5.0;
				TARGETED_DEVICE_FAMILY = "1,2";
			};
			name = Debug;
		};
		04B61B522442A33F00C6BC79 /* Release */ = {
			isa = XCBuildConfiguration;
			buildSettings = {
				ASSETCATALOG_COMPILER_APPICON_NAME = AppIcon;
				CODE_SIGN_STYLE = Automatic;
				DEVELOPMENT_TEAM = 96B6HU7FL8;
				INFOPLIST_FILE = LifeCycleObservers/Info.plist;
				LD_RUNPATH_SEARCH_PATHS = (
					"$(inherited)",
					"@executable_path/Frameworks",
				);
				PRODUCT_BUNDLE_IDENTIFIER = nl.fig.LifeCycleObservers;
				PRODUCT_NAME = "$(TARGET_NAME)";
				SWIFT_VERSION = 5.0;
				TARGETED_DEVICE_FAMILY = "1,2";
			};
			name = Release;
		};
		04B61B642442A3B900C6BC79 /* Debug */ = {
			isa = XCBuildConfiguration;
			buildSettings = {
				BUNDLE_LOADER = "$(TEST_HOST)";
				CLANG_ENABLE_MODULES = YES;
				CODE_SIGN_STYLE = Automatic;
				DEVELOPMENT_TEAM = 96B6HU7FL8;
				INFOPLIST_FILE = LifeCycleObserversTests/Info.plist;
				LD_RUNPATH_SEARCH_PATHS = (
					"$(inherited)",
					"@executable_path/Frameworks",
					"@loader_path/Frameworks",
				);
				PRODUCT_BUNDLE_IDENTIFIER = nl.fig.LifeCycleObserversTests;
				PRODUCT_NAME = "$(TARGET_NAME)";
				SWIFT_OPTIMIZATION_LEVEL = "-Onone";
				SWIFT_VERSION = 5.0;
				TARGETED_DEVICE_FAMILY = "1,2";
				TEST_HOST = "$(BUILT_PRODUCTS_DIR)/LifeCycleObservers.app/LifeCycleObservers";
			};
			name = Debug;
		};
		04B61B652442A3B900C6BC79 /* Release */ = {
			isa = XCBuildConfiguration;
			buildSettings = {
				BUNDLE_LOADER = "$(TEST_HOST)";
				CLANG_ENABLE_MODULES = YES;
				CODE_SIGN_STYLE = Automatic;
				DEVELOPMENT_TEAM = 96B6HU7FL8;
				INFOPLIST_FILE = LifeCycleObserversTests/Info.plist;
				LD_RUNPATH_SEARCH_PATHS = (
					"$(inherited)",
					"@executable_path/Frameworks",
					"@loader_path/Frameworks",
				);
				PRODUCT_BUNDLE_IDENTIFIER = nl.fig.LifeCycleObserversTests;
				PRODUCT_NAME = "$(TARGET_NAME)";
				SWIFT_VERSION = 5.0;
				TARGETED_DEVICE_FAMILY = "1,2";
				TEST_HOST = "$(BUILT_PRODUCTS_DIR)/LifeCycleObservers.app/LifeCycleObservers";
			};
			name = Release;
		};
/* End XCBuildConfiguration section */

/* Begin XCConfigurationList section */
		04B61B372442A33C00C6BC79 /* Build configuration list for PBXProject "LifeCycleObservers" */ = {
			isa = XCConfigurationList;
			buildConfigurations = (
				04B61B4E2442A33F00C6BC79 /* Debug */,
				04B61B4F2442A33F00C6BC79 /* Release */,
			);
			defaultConfigurationIsVisible = 0;
			defaultConfigurationName = Release;
		};
		04B61B502442A33F00C6BC79 /* Build configuration list for PBXNativeTarget "LifeCycleObservers" */ = {
			isa = XCConfigurationList;
			buildConfigurations = (
				04B61B512442A33F00C6BC79 /* Debug */,
				04B61B522442A33F00C6BC79 /* Release */,
			);
			defaultConfigurationIsVisible = 0;
			defaultConfigurationName = Release;
		};
		04B61B632442A3B900C6BC79 /* Build configuration list for PBXNativeTarget "LifeCycleObserversTests" */ = {
			isa = XCConfigurationList;
			buildConfigurations = (
				04B61B642442A3B900C6BC79 /* Debug */,
				04B61B652442A3B900C6BC79 /* Release */,
			);
			defaultConfigurationIsVisible = 0;
			defaultConfigurationName = Release;
		};
/* End XCConfigurationList section */
	};
	rootObject = 04B61B342442A33C00C6BC79 /* Project object */;
}
